
Microsoft Visual Studio Solution File, Format Version 12.00
# Visual Studio Version 17
VisualStudioVersion = 17.11.35017.193
MinimumVisualStudioVersion = 10.0.40219.1
Project("{2150E333-8FDC-42A3-9474-1A3956D46DE8}") = "SRC", "SRC", "{A4F92FE9-AB0A-42C6-A934-E3D1B9C8AD8E}"
EndProject
Project("{2150E333-8FDC-42A3-9474-1A3956D46DE8}") = "Common", "Common", "{03CB36F9-CCE5-4811-ACE1-CA784C65F59B}"
EndProject
Project("{2150E333-8FDC-42A3-9474-1A3956D46DE8}") = "Services", "Services", "{3CE7E3BA-6789-48BE-B703-C390142969C8}"
EndProject
Project("{2150E333-8FDC-42A3-9474-1A3956D46DE8}") = "BasketService", "BasketService", "{CB67EA5D-68D4-4D5E-ABA9-DD04DF7EA28B}"
EndProject
Project("{2150E333-8FDC-42A3-9474-1A3956D46DE8}") = "CatalogService", "CatalogService", "{886A6DE9-5890-44E6-A7A5-A1FA8F7AA1DE}"
EndProject
Project("{2150E333-8FDC-42A3-9474-1A3956D46DE8}") = "IDPService", "IDPService", "{800FEA13-2917-4484-B315-241BD7E266B5}"
EndProject
Project("{2150E333-8FDC-42A3-9474-1A3956D46DE8}") = "OrderService", "OrderService", "{904F5A51-FADB-4751-B396-6386D3E8F4FE}"
EndProject
Project("{2150E333-8FDC-42A3-9474-1A3956D46DE8}") = "ReportService", "ReportService", "{ECCBDF37-D516-47B4-B887-8F344B5D1E72}"
EndProject
Project("{FAE04EC0-301F-11D3-BF4B-00C04F79EFBC}") = "IDP.Api", "SRC\Services\IDPService\IDP.Api\IDP.Api.csproj", "{408AE31B-D47D-46B2-A17B-FF01EF8602B8}"
EndProject
Project("{FAE04EC0-301F-11D3-BF4B-00C04F79EFBC}") = "IDP.UnitTest", "SRC\Services\IDPService\IDP.UnitTest\IDP.UnitTest.csproj", "{0E86CDE0-7073-4B7D-BEFD-CEE4F85AA341}"
EndProject
Project("{FAE04EC0-301F-11D3-BF4B-00C04F79EFBC}") = "IDP.Application", "SRC\Services\IDPService\IDP.Application\IDP.Application.csproj", "{9240C9BD-B984-4CF9-BA47-E89E9AF04675}"
EndProject
Project("{FAE04EC0-301F-11D3-BF4B-00C04F79EFBC}") = "IDP.Domain", "SRC\Services\IDPService\IDP.Domain\IDP.Domain.csproj", "{53742636-E1DF-4AFB-9448-B58F33E529B8}"
EndProject
Project("{FAE04EC0-301F-11D3-BF4B-00C04F79EFBC}") = "IDP.Infra", "SRC\Services\IDPService\IDP.Infra\IDP.Infra.csproj", "{F964C41C-8274-4A2A-826A-68276C5CF288}"
EndProject
Project("{FAE04EC0-301F-11D3-BF4B-00C04F79EFBC}") = "IDP.IOC", "SRC\Services\IDPService\IDP.IOC\IDP.IOC.csproj", "{E5F7F603-B54B-4446-AACE-DD30B825D41C}"
EndProject
Project("{2150E333-8FDC-42A3-9474-1A3956D46DE8}") = "ApiGatway", "ApiGatway", "{EA794459-E121-458A-A5E2-39E931A93ED5}"
EndProject
Project("{FAE04EC0-301F-11D3-BF4B-00C04F79EFBC}") = "Auth", "SRC\Common\Auth\Auth.csproj", "{A52E01E5-326C-48D9-B7E0-E42F6B43437F}"
EndProject
Global
	GlobalSection(SolutionConfigurationPlatforms) = preSolution
		Debug|Any CPU = Debug|Any CPU
		Release|Any CPU = Release|Any CPU
	EndGlobalSection
	GlobalSection(ProjectConfigurationPlatforms) = postSolution
		{408AE31B-D47D-46B2-A17B-FF01EF8602B8}.Debug|Any CPU.ActiveCfg = Debug|Any CPU
		{408AE31B-D47D-46B2-A17B-FF01EF8602B8}.Debug|Any CPU.Build.0 = Debug|Any CPU
		{408AE31B-D47D-46B2-A17B-FF01EF8602B8}.Release|Any CPU.ActiveCfg = Release|Any CPU
		{408AE31B-D47D-46B2-A17B-FF01EF8602B8}.Release|Any CPU.Build.0 = Release|Any CPU
		{0E86CDE0-7073-4B7D-BEFD-CEE4F85AA341}.Debug|Any CPU.ActiveCfg = Debug|Any CPU
		{0E86CDE0-7073-4B7D-BEFD-CEE4F85AA341}.Debug|Any CPU.Build.0 = Debug|Any CPU
		{0E86CDE0-7073-4B7D-BEFD-CEE4F85AA341}.Release|Any CPU.ActiveCfg = Release|Any CPU
		{0E86CDE0-7073-4B7D-BEFD-CEE4F85AA341}.Release|Any CPU.Build.0 = Release|Any CPU
		{9240C9BD-B984-4CF9-BA47-E89E9AF04675}.Debug|Any CPU.ActiveCfg = Debug|Any CPU
		{9240C9BD-B984-4CF9-BA47-E89E9AF04675}.Debug|Any CPU.Build.0 = Debug|Any CPU
		{9240C9BD-B984-4CF9-BA47-E89E9AF04675}.Release|Any CPU.ActiveCfg = Release|Any CPU
		{9240C9BD-B984-4CF9-BA47-E89E9AF04675}.Release|Any CPU.Build.0 = Release|Any CPU
		{53742636-E1DF-4AFB-9448-B58F33E529B8}.Debug|Any CPU.ActiveCfg = Debug|Any CPU
		{53742636-E1DF-4AFB-9448-B58F33E529B8}.Debug|Any CPU.Build.0 = Debug|Any CPU
		{53742636-E1DF-4AFB-9448-B58F33E529B8}.Release|Any CPU.ActiveCfg = Release|Any CPU
		{53742636-E1DF-4AFB-9448-B58F33E529B8}.Release|Any CPU.Build.0 = Release|Any CPU
		{F964C41C-8274-4A2A-826A-68276C5CF288}.Debug|Any CPU.ActiveCfg = Debug|Any CPU
		{F964C41C-8274-4A2A-826A-68276C5CF288}.Debug|Any CPU.Build.0 = Debug|Any CPU
		{F964C41C-8274-4A2A-826A-68276C5CF288}.Release|Any CPU.ActiveCfg = Release|Any CPU
		{F964C41C-8274-4A2A-826A-68276C5CF288}.Release|Any CPU.Build.0 = Release|Any CPU
		{E5F7F603-B54B-4446-AACE-DD30B825D41C}.Debug|Any CPU.ActiveCfg = Debug|Any CPU
		{E5F7F603-B54B-4446-AACE-DD30B825D41C}.Debug|Any CPU.Build.0 = Debug|Any CPU
		{E5F7F603-B54B-4446-AACE-DD30B825D41C}.Release|Any CPU.ActiveCfg = Release|Any CPU
		{E5F7F603-B54B-4446-AACE-DD30B825D41C}.Release|Any CPU.Build.0 = Release|Any CPU
		{A52E01E5-326C-48D9-B7E0-E42F6B43437F}.Debug|Any CPU.ActiveCfg = Debug|Any CPU
		{A52E01E5-326C-48D9-B7E0-E42F6B43437F}.Debug|Any CPU.Build.0 = Debug|Any CPU
		{A52E01E5-326C-48D9-B7E0-E42F6B43437F}.Release|Any CPU.ActiveCfg = Release|Any CPU
		{A52E01E5-326C-48D9-B7E0-E42F6B43437F}.Release|Any CPU.Build.0 = Release|Any CPU
	EndGlobalSection
	GlobalSection(SolutionProperties) = preSolution
		HideSolutionNode = FALSE
	EndGlobalSection
	GlobalSection(NestedProjects) = preSolution
		{03CB36F9-CCE5-4811-ACE1-CA784C65F59B} = {A4F92FE9-AB0A-42C6-A934-E3D1B9C8AD8E}
		{3CE7E3BA-6789-48BE-B703-C390142969C8} = {A4F92FE9-AB0A-42C6-A934-E3D1B9C8AD8E}
		{CB67EA5D-68D4-4D5E-ABA9-DD04DF7EA28B} = {3CE7E3BA-6789-48BE-B703-C390142969C8}
		{886A6DE9-5890-44E6-A7A5-A1FA8F7AA1DE} = {3CE7E3BA-6789-48BE-B703-C390142969C8}
		{800FEA13-2917-4484-B315-241BD7E266B5} = {3CE7E3BA-6789-48BE-B703-C390142969C8}
		{904F5A51-FADB-4751-B396-6386D3E8F4FE} = {3CE7E3BA-6789-48BE-B703-C390142969C8}
		{ECCBDF37-D516-47B4-B887-8F344B5D1E72} = {3CE7E3BA-6789-48BE-B703-C390142969C8}
		{408AE31B-D47D-46B2-A17B-FF01EF8602B8} = {800FEA13-2917-4484-B315-241BD7E266B5}
		{0E86CDE0-7073-4B7D-BEFD-CEE4F85AA341} = {800FEA13-2917-4484-B315-241BD7E266B5}
		{9240C9BD-B984-4CF9-BA47-E89E9AF04675} = {800FEA13-2917-4484-B315-241BD7E266B5}
		{53742636-E1DF-4AFB-9448-B58F33E529B8} = {800FEA13-2917-4484-B315-241BD7E266B5}
		{F964C41C-8274-4A2A-826A-68276C5CF288} = {800FEA13-2917-4484-B315-241BD7E266B5}
		{E5F7F603-B54B-4446-AACE-DD30B825D41C} = {800FEA13-2917-4484-B315-241BD7E266B5}
		{EA794459-E121-458A-A5E2-39E931A93ED5} = {3CE7E3BA-6789-48BE-B703-C390142969C8}
		{A52E01E5-326C-48D9-B7E0-E42F6B43437F} = {03CB36F9-CCE5-4811-ACE1-CA784C65F59B}
	EndGlobalSection
	GlobalSection(ExtensibilityGlobals) = postSolution
		SolutionGuid = {3CC06918-60AA-4500-B688-487C2E8573BE}
	EndGlobalSection
EndGlobal
